
Microsoft Visual Studio Solution File, Format Version 12.00
# Visual Studio 2013
VisualStudioVersion = 12.0.40629.0
MinimumVisualStudioVersion = 10.0.40219.1
Project("{FAE04EC0-301F-11D3-BF4B-00C04F79EFBC}") = "LotteryConsoleApplication", "LotteryConsoleApplication\LotteryConsoleApplication.csproj", "{F43B0C56-EB12-46C6-98DD-08418C4CFA27}"
EndProject
Global
	GlobalSection(SolutionConfigurationPlatforms) = preSolution
		Debug|Any CPU = Debug|Any CPU
		Release|Any CPU = Release|Any CPU
	EndGlobalSection
	GlobalSection(ProjectConfigurationPlatforms) = postSolution
		{F43B0C56-EB12-46C6-98DD-08418C4CFA27}.Debug|Any CPU.ActiveCfg = Debug|Any CPU
		{F43B0C56-EB12-46C6-98DD-08418C4CFA27}.Debug|Any CPU.Build.0 = Debug|Any CPU
		{F43B0C56-EB12-46C6-98DD-08418C4CFA27}.Release|Any CPU.ActiveCfg = Release|Any CPU
		{F43B0C56-EB12-46C6-98DD-08418C4CFA27}.Release|Any CPU.Build.0 = Release|Any CPU
	EndGlobalSection
	GlobalSection(SolutionProperties) = preSolution
		HideSolutionNode = FALSE
	EndGlobalSection
EndGlobal
